
Microsoft Visual Studio Solution File, Format Version 12.00
# Visual Studio Version 16
VisualStudioVersion = 16.0.30011.22
MinimumVisualStudioVersion = 10.0.40219.1
Project("{9A19103F-16F7-4668-BE54-9A1E7A4F7556}") = "WebController", "WebController\WebController.csproj", "{C215D438-6642-43B5-A9DB-BDD64D0B9998}"
EndProject
Project("{00D1A9C2-B5F0-4AF3-8072-F6C62B433612}") = "ArtistManagement.Data", "ArtistManagement.Data\ArtistManagement.Data.sqlproj", "{490A7477-DDC5-42F5-ACE1-7E4E062B74C0}"
EndProject
Global
	GlobalSection(SolutionConfigurationPlatforms) = preSolution
		Debug|Any CPU = Debug|Any CPU
		Release|Any CPU = Release|Any CPU
	EndGlobalSection
	GlobalSection(ProjectConfigurationPlatforms) = postSolution
		{C215D438-6642-43B5-A9DB-BDD64D0B9998}.Debug|Any CPU.ActiveCfg = Debug|Any CPU
		{C215D438-6642-43B5-A9DB-BDD64D0B9998}.Debug|Any CPU.Build.0 = Debug|Any CPU
		{C215D438-6642-43B5-A9DB-BDD64D0B9998}.Release|Any CPU.ActiveCfg = Release|Any CPU
		{C215D438-6642-43B5-A9DB-BDD64D0B9998}.Release|Any CPU.Build.0 = Release|Any CPU
		{490A7477-DDC5-42F5-ACE1-7E4E062B74C0}.Debug|Any CPU.ActiveCfg = Debug|Any CPU
		{490A7477-DDC5-42F5-ACE1-7E4E062B74C0}.Debug|Any CPU.Build.0 = Debug|Any CPU
		{490A7477-DDC5-42F5-ACE1-7E4E062B74C0}.Debug|Any CPU.Deploy.0 = Debug|Any CPU
		{490A7477-DDC5-42F5-ACE1-7E4E062B74C0}.Release|Any CPU.ActiveCfg = Release|Any CPU
		{490A7477-DDC5-42F5-ACE1-7E4E062B74C0}.Release|Any CPU.Build.0 = Release|Any CPU
		{490A7477-DDC5-42F5-ACE1-7E4E062B74C0}.Release|Any CPU.Deploy.0 = Release|Any CPU
	EndGlobalSection
	GlobalSection(SolutionProperties) = preSolution
		HideSolutionNode = FALSE
	EndGlobalSection
	GlobalSection(ExtensibilityGlobals) = postSolution
		SolutionGuid = {80282C87-E043-43B0-834C-377D783323E7}
	EndGlobalSection
EndGlobal
